{
  "name": "preview",
  "version": "3.10.1-snapshot.0",
  "lockfileVersion": 1,
  "requires": true,
  "dependencies": {
    "@meronex/icons": {
      "version": "1.0.1",
      "resolved": "https://registry.npmjs.org/@meronex/icons/-/icons-1.0.1.tgz",
      "integrity": "sha512-J7ylagPPsAyGjnptDY7/lPBu72FHs+1eZXSqdinK+gJ5HzWIgSpoZCHFldgG1iH83nKHG56jc48pbM9uKo0+NQ==",
      "requires": {
        "camelcase": "^5.0.0"
      }
    },
    "@types/node": {
      "version": "13.5.2",
      "dev": true
    },
    "camelcase": {
      "version": "5.3.1",
      "resolved": "https://registry.npmjs.org/camelcase/-/camelcase-5.3.1.tgz",
      "integrity": "sha512-L28STB170nwWS63UjtlEOE3dldQApaJXZkOI1uMFfzf3rRuPegHaHesyee+YxQ+W6SvRDQV6UrdOdRiR153wJg=="
    },
    "typescript": {
      "version": "3.7.0-dev.20191021",
      "dev": true
    }
  }
}
